
Microsoft Visual Studio Solution File, Format Version 12.00
# Visual Studio 15
VisualStudioVersion = 15.0.27428.2002
MinimumVisualStudioVersion = 10.0.40219.1
Project("{FAE04EC0-301F-11D3-BF4B-00C04F79EFBC}") = "Xamarin.Forms.PageControlSample.Android", "Xamarin.Forms.PageControlSample\Xamarin.Forms.PageControlSample.Android\Xamarin.Forms.PageControlSample.Android.csproj", "{6A4C7991-FE09-4C63-A8E2-5A81129D7916}"
EndProject
Project("{FAE04EC0-301F-11D3-BF4B-00C04F79EFBC}") = "Xamarin.Forms.PageControlSample.iOS", "Xamarin.Forms.PageControlSample\Xamarin.Forms.PageControlSample.iOS\Xamarin.Forms.PageControlSample.iOS.csproj", "{2D5F7514-F8B8-45FF-A733-537BC5F989BC}"
EndProject
Project("{FAE04EC0-301F-11D3-BF4B-00C04F79EFBC}") = "Xamarin.Forms.PageControlSample.UWP", "Xamarin.Forms.PageControlSample\Xamarin.Forms.PageControlSample.UWP\Xamarin.Forms.PageControlSample.UWP.csproj", "{45F2F749-BD3D-410D-A0B8-FB7AD5D8A0A7}"
EndProject
Project("{9A19103F-16F7-4668-BE54-9A1E7A4F7556}") = "Xamarin.Forms.PageControlSample", "Xamarin.Forms.PageControlSample\Xamarin.Forms.PageControlSample\Xamarin.Forms.PageControlSample.csproj", "{CE947771-7987-4E43-BB29-12208ABB950D}"
EndProject
Global
	GlobalSection(SolutionConfigurationPlatforms) = preSolution
		Ad-Hoc|Any CPU = Ad-Hoc|Any CPU
		Ad-Hoc|ARM = Ad-Hoc|ARM
		Ad-Hoc|iPhone = Ad-Hoc|iPhone
		Ad-Hoc|iPhoneSimulator = Ad-Hoc|iPhoneSimulator
		Ad-Hoc|x64 = Ad-Hoc|x64
		Ad-Hoc|x86 = Ad-Hoc|x86
		AppStore|Any CPU = AppStore|Any CPU
		AppStore|ARM = AppStore|ARM
		AppStore|iPhone = AppStore|iPhone
		AppStore|iPhoneSimulator = AppStore|iPhoneSimulator
		AppStore|x64 = AppStore|x64
		AppStore|x86 = AppStore|x86
		Debug|Any CPU = Debug|Any CPU
		Debug|ARM = Debug|ARM
		Debug|iPhone = Debug|iPhone
		Debug|iPhoneSimulator = Debug|iPhoneSimulator
		Debug|x64 = Debug|x64
		Debug|x86 = Debug|x86
		Release|Any CPU = Release|Any CPU
		Release|ARM = Release|ARM
		Release|iPhone = Release|iPhone
		Release|iPhoneSimulator = Release|iPhoneSimulator
		Release|x64 = Release|x64
		Release|x86 = Release|x86
	EndGlobalSection
	GlobalSection(ProjectConfigurationPlatforms) = postSolution
		{6A4C7991-FE09-4C63-A8E2-5A81129D7916}.Ad-Hoc|Any CPU.ActiveCfg = Release|Any CPU
		{6A4C7991-FE09-4C63-A8E2-5A81129D7916}.Ad-Hoc|Any CPU.Build.0 = Release|Any CPU
		{6A4C7991-FE09-4C63-A8E2-5A81129D7916}.Ad-Hoc|Any CPU.Deploy.0 = Release|Any CPU
		{6A4C7991-FE09-4C63-A8E2-5A81129D7916}.Ad-Hoc|ARM.ActiveCfg = Release|Any CPU
		{6A4C7991-FE09-4C63-A8E2-5A81129D7916}.Ad-Hoc|ARM.Build.0 = Release|Any CPU
		{6A4C7991-FE09-4C63-A8E2-5A81129D7916}.Ad-Hoc|ARM.Deploy.0 = Release|Any CPU
		{6A4C7991-FE09-4C63-A8E2-5A81129D7916}.Ad-Hoc|iPhone.ActiveCfg = Release|Any CPU
		{6A4C7991-FE09-4C63-A8E2-5A81129D7916}.Ad-Hoc|iPhone.Build.0 = Release|Any CPU
		{6A4C7991-FE09-4C63-A8E2-5A81129D7916}.Ad-Hoc|iPhone.Deploy.0 = Release|Any CPU
		{6A4C7991-FE09-4C63-A8E2-5A81129D7916}.Ad-Hoc|iPhoneSimulator.ActiveCfg = Release|Any CPU
		{6A4C7991-FE09-4C63-A8E2-5A81129D7916}.Ad-Hoc|iPhoneSimulator.Build.0 = Release|Any CPU
		{6A4C7991-FE09-4C63-A8E2-5A81129D7916}.Ad-Hoc|iPhoneSimulator.Deploy.0 = Release|Any CPU
		{6A4C7991-FE09-4C63-A8E2-5A81129D7916}.Ad-Hoc|x64.ActiveCfg = Release|Any CPU
		{6A4C7991-FE09-4C63-A8E2-5A81129D7916}.Ad-Hoc|x64.Build.0 = Release|Any CPU
		{6A4C7991-FE09-4C63-A8E2-5A81129D7916}.Ad-Hoc|x64.Deploy.0 = Release|Any CPU
		{6A4C7991-FE09-4C63-A8E2-5A81129D7916}.Ad-Hoc|x86.ActiveCfg = Release|Any CPU
		{6A4C7991-FE09-4C63-A8E2-5A81129D7916}.Ad-Hoc|x86.Build.0 = Release|Any CPU
		{6A4C7991-FE09-4C63-A8E2-5A81129D7916}.Ad-Hoc|x86.Deploy.0 = Release|Any CPU
		{6A4C7991-FE09-4C63-A8E2-5A81129D7916}.AppStore|Any CPU.ActiveCfg = Release|Any CPU
		{6A4C7991-FE09-4C63-A8E2-5A81129D7916}.AppStore|Any CPU.Build.0 = Release|Any CPU
		{6A4C7991-FE09-4C63-A8E2-5A81129D7916}.AppStore|Any CPU.Deploy.0 = Release|Any CPU
		{6A4C7991-FE09-4C63-A8E2-5A81129D7916}.AppStore|ARM.ActiveCfg = Release|Any CPU
		{6A4C7991-FE09-4C63-A8E2-5A81129D7916}.AppStore|ARM.Build.0 = Release|Any CPU
		{6A4C7991-FE09-4C63-A8E2-5A81129D7916}.AppStore|ARM.Deploy.0 = Release|Any CPU
		{6A4C7991-FE09-4C63-A8E2-5A81129D7916}.AppStore|iPhone.ActiveCfg = Release|Any CPU
		{6A4C7991-FE09-4C63-A8E2-5A81129D7916}.AppStore|iPhone.Build.0 = Release|Any CPU
		{6A4C7991-FE09-4C63-A8E2-5A81129D7916}.AppStore|iPhone.Deploy.0 = Release|Any CPU
		{6A4C7991-FE09-4C63-A8E2-5A81129D7916}.AppStore|iPhoneSimulator.ActiveCfg = Release|Any CPU
		{6A4C7991-FE09-4C63-A8E2-5A81129D7916}.AppStore|iPhoneSimulator.Build.0 = Release|Any CPU
		{6A4C7991-FE09-4C63-A8E2-5A81129D7916}.AppStore|iPhoneSimulator.Deploy.0 = Release|Any CPU
		{6A4C7991-FE09-4C63-A8E2-5A81129D7916}.AppStore|x64.ActiveCfg = Release|Any CPU
		{6A4C7991-FE09-4C63-A8E2-5A81129D7916}.AppStore|x64.Build.0 = Release|Any CPU
		{6A4C7991-FE09-4C63-A8E2-5A81129D7916}.AppStore|x64.Deploy.0 = Release|Any CPU
		{6A4C7991-FE09-4C63-A8E2-5A81129D7916}.AppStore|x86.ActiveCfg = Release|Any CPU
		{6A4C7991-FE09-4C63-A8E2-5A81129D7916}.AppStore|x86.Build.0 = Release|Any CPU
		{6A4C7991-FE09-4C63-A8E2-5A81129D7916}.AppStore|x86.Deploy.0 = Release|Any CPU
		{6A4C7991-FE09-4C63-A8E2-5A81129D7916}.Debug|Any CPU.ActiveCfg = Debug|Any CPU
		{6A4C7991-FE09-4C63-A8E2-5A81129D7916}.Debug|Any CPU.Build.0 = Debug|Any CPU
		{6A4C7991-FE09-4C63-A8E2-5A81129D7916}.Debug|Any CPU.Deploy.0 = Debug|Any CPU
		{6A4C7991-FE09-4C63-A8E2-5A81129D7916}.Debug|ARM.ActiveCfg = Debug|Any CPU
		{6A4C7991-FE09-4C63-A8E2-5A81129D7916}.Debug|ARM.Build.0 = Debug|Any CPU
		{6A4C7991-FE09-4C63-A8E2-5A81129D7916}.Debug|ARM.Deploy.0 = Debug|Any CPU
		{6A4C7991-FE09-4C63-A8E2-5A81129D7916}.Debug|iPhone.ActiveCfg = Debug|Any CPU
		{6A4C7991-FE09-4C63-A8E2-5A81129D7916}.Debug|iPhone.Build.0 = Debug|Any CPU
		{6A4C7991-FE09-4C63-A8E2-5A81129D7916}.Debug|iPhone.Deploy.0 = Debug|Any CPU
		{6A4C7991-FE09-4C63-A8E2-5A81129D7916}.Debug|iPhoneSimulator.ActiveCfg = Debug|Any CPU
		{6A4C7991-FE09-4C63-A8E2-5A81129D7916}.Debug|iPhoneSimulator.Build.0 = Debug|Any CPU
		{6A4C7991-FE09-4C63-A8E2-5A81129D7916}.Debug|iPhoneSimulator.Deploy.0 = Debug|Any CPU
		{6A4C7991-FE09-4C63-A8E2-5A81129D7916}.Debug|x64.ActiveCfg = Debug|Any CPU
		{6A4C7991-FE09-4C63-A8E2-5A81129D7916}.Debug|x64.Build.0 = Debug|Any CPU
		{6A4C7991-FE09-4C63-A8E2-5A81129D7916}.Debug|x64.Deploy.0 = Debug|Any CPU
		{6A4C7991-FE09-4C63-A8E2-5A81129D7916}.Debug|x86.ActiveCfg = Debug|Any CPU
		{6A4C7991-FE09-4C63-A8E2-5A81129D7916}.Debug|x86.Build.0 = Debug|Any CPU
		{6A4C7991-FE09-4C63-A8E2-5A81129D7916}.Debug|x86.Deploy.0 = Debug|Any CPU
		{6A4C7991-FE09-4C63-A8E2-5A81129D7916}.Release|Any CPU.ActiveCfg = Release|Any CPU
		{6A4C7991-FE09-4C63-A8E2-5A81129D7916}.Release|Any CPU.Build.0 = Release|Any CPU
		{6A4C7991-FE09-4C63-A8E2-5A81129D7916}.Release|Any CPU.Deploy.0 = Release|Any CPU
		{6A4C7991-FE09-4C63-A8E2-5A81129D7916}.Release|ARM.ActiveCfg = Release|Any CPU
		{6A4C7991-FE09-4C63-A8E2-5A81129D7916}.Release|ARM.Build.0 = Release|Any CPU
		{6A4C7991-FE09-4C63-A8E2-5A81129D7916}.Release|ARM.Deploy.0 = Release|Any CPU
		{6A4C7991-FE09-4C63-A8E2-5A81129D7916}.Release|iPhone.ActiveCfg = Release|Any CPU
		{6A4C7991-FE09-4C63-A8E2-5A81129D7916}.Release|iPhone.Build.0 = Release|Any CPU
		{6A4C7991-FE09-4C63-A8E2-5A81129D7916}.Release|iPhone.Deploy.0 = Release|Any CPU
		{6A4C7991-FE09-4C63-A8E2-5A81129D7916}.Release|iPhoneSimulator.ActiveCfg = Release|Any CPU
		{6A4C7991-FE09-4C63-A8E2-5A81129D7916}.Release|iPhoneSimulator.Build.0 = Release|Any CPU
		{6A4C7991-FE09-4C63-A8E2-5A81129D7916}.Release|iPhoneSimulator.Deploy.0 = Release|Any CPU
		{6A4C7991-FE09-4C63-A8E2-5A81129D7916}.Release|x64.ActiveCfg = Release|Any CPU
		{6A4C7991-FE09-4C63-A8E2-5A81129D7916}.Release|x64.Build.0 = Release|Any CPU
		{6A4C7991-FE09-4C63-A8E2-5A81129D7916}.Release|x64.Deploy.0 = Release|Any CPU
		{6A4C7991-FE09-4C63-A8E2-5A81129D7916}.Release|x86.ActiveCfg = Release|Any CPU
		{6A4C7991-FE09-4C63-A8E2-5A81129D7916}.Release|x86.Build.0 = Release|Any CPU
		{6A4C7991-FE09-4C63-A8E2-5A81129D7916}.Release|x86.Deploy.0 = Release|Any CPU
		{2D5F7514-F8B8-45FF-A733-537BC5F989BC}.Ad-Hoc|Any CPU.ActiveCfg = Ad-Hoc|iPhone
		{2D5F7514-F8B8-45FF-A733-537BC5F989BC}.Ad-Hoc|ARM.ActiveCfg = Ad-Hoc|iPhone
		{2D5F7514-F8B8-45FF-A733-537BC5F989BC}.Ad-Hoc|iPhone.ActiveCfg = Ad-Hoc|iPhone
		{2D5F7514-F8B8-45FF-A733-537BC5F989BC}.Ad-Hoc|iPhone.Build.0 = Ad-Hoc|iPhone
		{2D5F7514-F8B8-45FF-A733-537BC5F989BC}.Ad-Hoc|iPhoneSimulator.ActiveCfg = Ad-Hoc|iPhoneSimulator
		{2D5F7514-F8B8-45FF-A733-537BC5F989BC}.Ad-Hoc|iPhoneSimulator.Build.0 = Ad-Hoc|iPhoneSimulator
		{2D5F7514-F8B8-45FF-A733-537BC5F989BC}.Ad-Hoc|x64.ActiveCfg = Ad-Hoc|iPhone
		{2D5F7514-F8B8-45FF-A733-537BC5F989BC}.Ad-Hoc|x86.ActiveCfg = Ad-Hoc|iPhone
		{2D5F7514-F8B8-45FF-A733-537BC5F989BC}.AppStore|Any CPU.ActiveCfg = AppStore|iPhone
		{2D5F7514-F8B8-45FF-A733-537BC5F989BC}.AppStore|ARM.ActiveCfg = AppStore|iPhone
		{2D5F7514-F8B8-45FF-A733-537BC5F989BC}.AppStore|iPhone.ActiveCfg = AppStore|iPhone
		{2D5F7514-F8B8-45FF-A733-537BC5F989BC}.AppStore|iPhone.Build.0 = AppStore|iPhone
		{2D5F7514-F8B8-45FF-A733-537BC5F989BC}.AppStore|iPhoneSimulator.ActiveCfg = AppStore|iPhoneSimulator
		{2D5F7514-F8B8-45FF-A733-537BC5F989BC}.AppStore|iPhoneSimulator.Build.0 = AppStore|iPhoneSimulator
		{2D5F7514-F8B8-45FF-A733-537BC5F989BC}.AppStore|x64.ActiveCfg = AppStore|iPhone
		{2D5F7514-F8B8-45FF-A733-537BC5F989BC}.AppStore|x86.ActiveCfg = AppStore|iPhone
		{2D5F7514-F8B8-45FF-A733-537BC5F989BC}.Debug|Any CPU.ActiveCfg = Debug|iPhone
		{2D5F7514-F8B8-45FF-A733-537BC5F989BC}.Debug|ARM.ActiveCfg = Debug|iPhone
		{2D5F7514-F8B8-45FF-A733-537BC5F989BC}.Debug|iPhone.ActiveCfg = Debug|iPhone
		{2D5F7514-F8B8-45FF-A733-537BC5F989BC}.Debug|iPhone.Build.0 = Debug|iPhone
		{2D5F7514-F8B8-45FF-A733-537BC5F989BC}.Debug|iPhoneSimulator.ActiveCfg = Debug|iPhoneSimulator
		{2D5F7514-F8B8-45FF-A733-537BC5F989BC}.Debug|iPhoneSimulator.Build.0 = Debug|iPhoneSimulator
		{2D5F7514-F8B8-45FF-A733-537BC5F989BC}.Debug|x64.ActiveCfg = Debug|iPhone
		{2D5F7514-F8B8-45FF-A733-537BC5F989BC}.Debug|x86.ActiveCfg = Debug|iPhone
		{2D5F7514-F8B8-45FF-A733-537BC5F989BC}.Release|Any CPU.ActiveCfg = Release|iPhone
		{2D5F7514-F8B8-45FF-A733-537BC5F989BC}.Release|ARM.ActiveCfg = Release|iPhone
		{2D5F7514-F8B8-45FF-A733-537BC5F989BC}.Release|iPhone.ActiveCfg = Release|iPhone
		{2D5F7514-F8B8-45FF-A733-537BC5F989BC}.Release|iPhone.Build.0 = Release|iPhone
		{2D5F7514-F8B8-45FF-A733-537BC5F989BC}.Release|iPhoneSimulator.ActiveCfg = Release|iPhoneSimulator
		{2D5F7514-F8B8-45FF-A733-537BC5F989BC}.Release|iPhoneSimulator.Build.0 = Release|iPhoneSimulator
		{2D5F7514-F8B8-45FF-A733-537BC5F989BC}.Release|x64.ActiveCfg = Release|iPhone
		{2D5F7514-F8B8-45FF-A733-537BC5F989BC}.Release|x86.ActiveCfg = Release|iPhone
		{45F2F749-BD3D-410D-A0B8-FB7AD5D8A0A7}.Ad-Hoc|Any CPU.ActiveCfg = Release|x86
		{45F2F749-BD3D-410D-A0B8-FB7AD5D8A0A7}.Ad-Hoc|Any CPU.Build.0 = Release|x86
		{45F2F749-BD3D-410D-A0B8-FB7AD5D8A0A7}.Ad-Hoc|Any CPU.Deploy.0 = Release|x86
		{45F2F749-BD3D-410D-A0B8-FB7AD5D8A0A7}.Ad-Hoc|ARM.ActiveCfg = Release|ARM
		{45F2F749-BD3D-410D-A0B8-FB7AD5D8A0A7}.Ad-Hoc|ARM.Build.0 = Release|ARM
		{45F2F749-BD3D-410D-A0B8-FB7AD5D8A0A7}.Ad-Hoc|ARM.Deploy.0 = Release|ARM
		{45F2F749-BD3D-410D-A0B8-FB7AD5D8A0A7}.Ad-Hoc|iPhone.ActiveCfg = Release|x86
		{45F2F749-BD3D-410D-A0B8-FB7AD5D8A0A7}.Ad-Hoc|iPhone.Build.0 = Release|x86
		{45F2F749-BD3D-410D-A0B8-FB7AD5D8A0A7}.Ad-Hoc|iPhone.Deploy.0 = Release|x86
		{45F2F749-BD3D-410D-A0B8-FB7AD5D8A0A7}.Ad-Hoc|iPhoneSimulator.ActiveCfg = Release|x86
		{45F2F749-BD3D-410D-A0B8-FB7AD5D8A0A7}.Ad-Hoc|iPhoneSimulator.Build.0 = Release|x86
		{45F2F749-BD3D-410D-A0B8-FB7AD5D8A0A7}.Ad-Hoc|iPhoneSimulator.Deploy.0 = Release|x86
		{45F2F749-BD3D-410D-A0B8-FB7AD5D8A0A7}.Ad-Hoc|x64.ActiveCfg = Release|x64
		{45F2F749-BD3D-410D-A0B8-FB7AD5D8A0A7}.Ad-Hoc|x64.Build.0 = Release|x64
		{45F2F749-BD3D-410D-A0B8-FB7AD5D8A0A7}.Ad-Hoc|x64.Deploy.0 = Release|x64
		{45F2F749-BD3D-410D-A0B8-FB7AD5D8A0A7}.Ad-Hoc|x86.ActiveCfg = Release|x86
		{45F2F749-BD3D-410D-A0B8-FB7AD5D8A0A7}.Ad-Hoc|x86.Build.0 = Release|x86
		{45F2F749-BD3D-410D-A0B8-FB7AD5D8A0A7}.Ad-Hoc|x86.Deploy.0 = Release|x86
		{45F2F749-BD3D-410D-A0B8-FB7AD5D8A0A7}.AppStore|Any CPU.ActiveCfg = Release|x86
		{45F2F749-BD3D-410D-A0B8-FB7AD5D8A0A7}.AppStore|Any CPU.Build.0 = Release|x86
		{45F2F749-BD3D-410D-A0B8-FB7AD5D8A0A7}.AppStore|Any CPU.Deploy.0 = Release|x86
		{45F2F749-BD3D-410D-A0B8-FB7AD5D8A0A7}.AppStore|ARM.ActiveCfg = Release|ARM
		{45F2F749-BD3D-410D-A0B8-FB7AD5D8A0A7}.AppStore|ARM.Build.0 = Release|ARM
		{45F2F749-BD3D-410D-A0B8-FB7AD5D8A0A7}.AppStore|ARM.Deploy.0 = Release|ARM
		{45F2F749-BD3D-410D-A0B8-FB7AD5D8A0A7}.AppStore|iPhone.ActiveCfg = Release|x86
		{45F2F749-BD3D-410D-A0B8-FB7AD5D8A0A7}.AppStore|iPhone.Build.0 = Release|x86
		{45F2F749-BD3D-410D-A0B8-FB7AD5D8A0A7}.AppStore|iPhone.Deploy.0 = Release|x86
		{45F2F749-BD3D-410D-A0B8-FB7AD5D8A0A7}.AppStore|iPhoneSimulator.ActiveCfg = Release|x86
		{45F2F749-BD3D-410D-A0B8-FB7AD5D8A0A7}.AppStore|iPhoneSimulator.Build.0 = Release|x86
		{45F2F749-BD3D-410D-A0B8-FB7AD5D8A0A7}.AppStore|iPhoneSimulator.Deploy.0 = Release|x86
		{45F2F749-BD3D-410D-A0B8-FB7AD5D8A0A7}.AppStore|x64.ActiveCfg = Release|x64
		{45F2F749-BD3D-410D-A0B8-FB7AD5D8A0A7}.AppStore|x64.Build.0 = Release|x64
		{45F2F749-BD3D-410D-A0B8-FB7AD5D8A0A7}.AppStore|x64.Deploy.0 = Release|x64
		{45F2F749-BD3D-410D-A0B8-FB7AD5D8A0A7}.AppStore|x86.ActiveCfg = Release|x86
		{45F2F749-BD3D-410D-A0B8-FB7AD5D8A0A7}.AppStore|x86.Build.0 = Release|x86
		{45F2F749-BD3D-410D-A0B8-FB7AD5D8A0A7}.AppStore|x86.Deploy.0 = Release|x86
		{45F2F749-BD3D-410D-A0B8-FB7AD5D8A0A7}.Debug|Any CPU.ActiveCfg = Debug|x86
		{45F2F749-BD3D-410D-A0B8-FB7AD5D8A0A7}.Debug|ARM.ActiveCfg = Debug|ARM
		{45F2F749-BD3D-410D-A0B8-FB7AD5D8A0A7}.Debug|ARM.Build.0 = Debug|ARM
		{45F2F749-BD3D-410D-A0B8-FB7AD5D8A0A7}.Debug|ARM.Deploy.0 = Debug|ARM
		{45F2F749-BD3D-410D-A0B8-FB7AD5D8A0A7}.Debug|iPhone.ActiveCfg = Debug|x86
		{45F2F749-BD3D-410D-A0B8-FB7AD5D8A0A7}.Debug|iPhoneSimulator.ActiveCfg = Debug|x86
		{45F2F749-BD3D-410D-A0B8-FB7AD5D8A0A7}.Debug|x64.ActiveCfg = Debug|x64
		{45F2F749-BD3D-410D-A0B8-FB7AD5D8A0A7}.Debug|x64.Build.0 = Debug|x64
		{45F2F749-BD3D-410D-A0B8-FB7AD5D8A0A7}.Debug|x64.Deploy.0 = Debug|x64
		{45F2F749-BD3D-410D-A0B8-FB7AD5D8A0A7}.Debug|x86.ActiveCfg = Debug|x86
		{45F2F749-BD3D-410D-A0B8-FB7AD5D8A0A7}.Debug|x86.Build.0 = Debug|x86
		{45F2F749-BD3D-410D-A0B8-FB7AD5D8A0A7}.Debug|x86.Deploy.0 = Debug|x86
		{45F2F749-BD3D-410D-A0B8-FB7AD5D8A0A7}.Release|Any CPU.ActiveCfg = Release|x86
		{45F2F749-BD3D-410D-A0B8-FB7AD5D8A0A7}.Release|ARM.ActiveCfg = Release|ARM
		{45F2F749-BD3D-410D-A0B8-FB7AD5D8A0A7}.Release|ARM.Build.0 = Release|ARM
		{45F2F749-BD3D-410D-A0B8-FB7AD5D8A0A7}.Release|ARM.Deploy.0 = Release|ARM
		{45F2F749-BD3D-410D-A0B8-FB7AD5D8A0A7}.Release|iPhone.ActiveCfg = Release|x86
		{45F2F749-BD3D-410D-A0B8-FB7AD5D8A0A7}.Release|iPhoneSimulator.ActiveCfg = Release|x86
		{45F2F749-BD3D-410D-A0B8-FB7AD5D8A0A7}.Release|x64.ActiveCfg = Release|x64
		{45F2F749-BD3D-410D-A0B8-FB7AD5D8A0A7}.Release|x64.Build.0 = Release|x64
		{45F2F749-BD3D-410D-A0B8-FB7AD5D8A0A7}.Release|x64.Deploy.0 = Release|x64
		{45F2F749-BD3D-410D-A0B8-FB7AD5D8A0A7}.Release|x86.ActiveCfg = Release|x86
		{45F2F749-BD3D-410D-A0B8-FB7AD5D8A0A7}.Release|x86.Build.0 = Release|x86
		{45F2F749-BD3D-410D-A0B8-FB7AD5D8A0A7}.Release|x86.Deploy.0 = Release|x86
		{CE947771-7987-4E43-BB29-12208ABB950D}.Ad-Hoc|Any CPU.ActiveCfg = Debug|Any CPU
		{CE947771-7987-4E43-BB29-12208ABB950D}.Ad-Hoc|Any CPU.Build.0 = Debug|Any CPU
		{CE947771-7987-4E43-BB29-12208ABB950D}.Ad-Hoc|ARM.ActiveCfg = Debug|Any CPU
		{CE947771-7987-4E43-BB29-12208ABB950D}.Ad-Hoc|ARM.Build.0 = Debug|Any CPU
		{CE947771-7987-4E43-BB29-12208ABB950D}.Ad-Hoc|iPhone.ActiveCfg = Debug|Any CPU
		{CE947771-7987-4E43-BB29-12208ABB950D}.Ad-Hoc|iPhone.Build.0 = Debug|Any CPU
		{CE947771-7987-4E43-BB29-12208ABB950D}.Ad-Hoc|iPhoneSimulator.ActiveCfg = Debug|Any CPU
		{CE947771-7987-4E43-BB29-12208ABB950D}.Ad-Hoc|iPhoneSimulator.Build.0 = Debug|Any CPU
		{CE947771-7987-4E43-BB29-12208ABB950D}.Ad-Hoc|x64.ActiveCfg = Debug|Any CPU
		{CE947771-7987-4E43-BB29-12208ABB950D}.Ad-Hoc|x64.Build.0 = Debug|Any CPU
		{CE947771-7987-4E43-BB29-12208ABB950D}.Ad-Hoc|x86.ActiveCfg = Debug|Any CPU
		{CE947771-7987-4E43-BB29-12208ABB950D}.Ad-Hoc|x86.Build.0 = Debug|Any CPU
		{CE947771-7987-4E43-BB29-12208ABB950D}.AppStore|Any CPU.ActiveCfg = Debug|Any CPU
		{CE947771-7987-4E43-BB29-12208ABB950D}.AppStore|Any CPU.Build.0 = Debug|Any CPU
		{CE947771-7987-4E43-BB29-12208ABB950D}.AppStore|ARM.ActiveCfg = Debug|Any CPU
		{CE947771-7987-4E43-BB29-12208ABB950D}.AppStore|ARM.Build.0 = Debug|Any CPU
		{CE947771-7987-4E43-BB29-12208ABB950D}.AppStore|iPhone.ActiveCfg = Debug|Any CPU
		{CE947771-7987-4E43-BB29-12208ABB950D}.AppStore|iPhone.Build.0 = Debug|Any CPU
		{CE947771-7987-4E43-BB29-12208ABB950D}.AppStore|iPhoneSimulator.ActiveCfg = Debug|Any CPU
		{CE947771-7987-4E43-BB29-12208ABB950D}.AppStore|iPhoneSimulator.Build.0 = Debug|Any CPU
		{CE947771-7987-4E43-BB29-12208ABB950D}.AppStore|x64.ActiveCfg = Debug|Any CPU
		{CE947771-7987-4E43-BB29-12208ABB950D}.AppStore|x64.Build.0 = Debug|Any CPU
		{CE947771-7987-4E43-BB29-12208ABB950D}.AppStore|x86.ActiveCfg = Debug|Any CPU
		{CE947771-7987-4E43-BB29-12208ABB950D}.AppStore|x86.Build.0 = Debug|Any CPU
		{CE947771-7987-4E43-BB29-12208ABB950D}.Debug|Any CPU.ActiveCfg = Debug|Any CPU
		{CE947771-7987-4E43-BB29-12208ABB950D}.Debug|Any CPU.Build.0 = Debug|Any CPU
		{CE947771-7987-4E43-BB29-12208ABB950D}.Debug|ARM.ActiveCfg = Debug|Any CPU
		{CE947771-7987-4E43-BB29-12208ABB950D}.Debug|ARM.Build.0 = Debug|Any CPU
		{CE947771-7987-4E43-BB29-12208ABB950D}.Debug|iPhone.ActiveCfg = Debug|Any CPU
		{CE947771-7987-4E43-BB29-12208ABB950D}.Debug|iPhone.Build.0 = Debug|Any CPU
		{CE947771-7987-4E43-BB29-12208ABB950D}.Debug|iPhoneSimulator.ActiveCfg = Debug|Any CPU
		{CE947771-7987-4E43-BB29-12208ABB950D}.Debug|iPhoneSimulator.Build.0 = Debug|Any CPU
		{CE947771-7987-4E43-BB29-12208ABB950D}.Debug|x64.ActiveCfg = Debug|Any CPU
		{CE947771-7987-4E43-BB29-12208ABB950D}.Debug|x64.Build.0 = Debug|Any CPU
		{CE947771-7987-4E43-BB29-12208ABB950D}.Debug|x86.ActiveCfg = Debug|Any CPU
		{CE947771-7987-4E43-BB29-12208ABB950D}.Debug|x86.Build.0 = Debug|Any CPU
		{CE947771-7987-4E43-BB29-12208ABB950D}.Release|Any CPU.ActiveCfg = Release|Any CPU
		{CE947771-7987-4E43-BB29-12208ABB950D}.Release|Any CPU.Build.0 = Release|Any CPU
		{CE947771-7987-4E43-BB29-12208ABB950D}.Release|ARM.ActiveCfg = Release|Any CPU
		{CE947771-7987-4E43-BB29-12208ABB950D}.Release|ARM.Build.0 = Release|Any CPU
		{CE947771-7987-4E43-BB29-12208ABB950D}.Release|iPhone.ActiveCfg = Release|Any CPU
		{CE947771-7987-4E43-BB29-12208ABB950D}.Release|iPhone.Build.0 = Release|Any CPU
		{CE947771-7987-4E43-BB29-12208ABB950D}.Release|iPhoneSimulator.ActiveCfg = Release|Any CPU
		{CE947771-7987-4E43-BB29-12208ABB950D}.Release|iPhoneSimulator.Build.0 = Release|Any CPU
		{CE947771-7987-4E43-BB29-12208ABB950D}.Release|x64.ActiveCfg = Release|Any CPU
		{CE947771-7987-4E43-BB29-12208ABB950D}.Release|x64.Build.0 = Release|Any CPU
		{CE947771-7987-4E43-BB29-12208ABB950D}.Release|x86.ActiveCfg = Release|Any CPU
		{CE947771-7987-4E43-BB29-12208ABB950D}.Release|x86.Build.0 = Release|Any CPU
	EndGlobalSection
	GlobalSection(SolutionProperties) = preSolution
		HideSolutionNode = FALSE
	EndGlobalSection
	GlobalSection(ExtensibilityGlobals) = postSolution
		SolutionGuid = {85730496-720E-4DD1-A850-C8AD8530EEA2}
	EndGlobalSection
EndGlobal
